
Microsoft Visual Studio Solution File, Format Version 12.00
# Visual Studio Version 16
VisualStudioVersion = 16.0.30907.101
MinimumVisualStudioVersion = 10.0.40219.1
Project("{FAE04EC0-301F-11D3-BF4B-00C04F79EFBC}") = "FRC Detective.Android", "FRC Detective\FRC Detective.Android\FRC Detective.Android.csproj", "{F97095F3-C206-45C0-B1D5-1412EA729C62}"
EndProject
Project("{FAE04EC0-301F-11D3-BF4B-00C04F79EFBC}") = "FRC Detective.iOS", "FRC Detective\FRC Detective.iOS\FRC Detective.iOS.csproj", "{02C811F3-207B-44D3-9A51-ED9D27EBE503}"
EndProject
Project("{FAE04EC0-301F-11D3-BF4B-00C04F79EFBC}") = "FRC Detective", "FRC Detective\FRC Detective\FRC Detective.csproj", "{01BB1A99-30D5-48C5-8410-0FA59A5736E8}"
EndProject
Global
	GlobalSection(SolutionConfigurationPlatforms) = preSolution
		Debug|Any CPU = Debug|Any CPU
		Debug|iPhone = Debug|iPhone
		Debug|iPhoneSimulator = Debug|iPhoneSimulator
		Release|Any CPU = Release|Any CPU
		Release|iPhone = Release|iPhone
		Release|iPhoneSimulator = Release|iPhoneSimulator
	EndGlobalSection
	GlobalSection(ProjectConfigurationPlatforms) = postSolution
		{F97095F3-C206-45C0-B1D5-1412EA729C62}.Debug|Any CPU.ActiveCfg = Debug|Any CPU
		{F97095F3-C206-45C0-B1D5-1412EA729C62}.Debug|Any CPU.Build.0 = Debug|Any CPU
		{F97095F3-C206-45C0-B1D5-1412EA729C62}.Debug|Any CPU.Deploy.0 = Debug|Any CPU
		{F97095F3-C206-45C0-B1D5-1412EA729C62}.Debug|iPhone.ActiveCfg = Debug|Any CPU
		{F97095F3-C206-45C0-B1D5-1412EA729C62}.Debug|iPhone.Build.0 = Debug|Any CPU
		{F97095F3-C206-45C0-B1D5-1412EA729C62}.Debug|iPhone.Deploy.0 = Debug|Any CPU
		{F97095F3-C206-45C0-B1D5-1412EA729C62}.Debug|iPhoneSimulator.ActiveCfg = Debug|Any CPU
		{F97095F3-C206-45C0-B1D5-1412EA729C62}.Debug|iPhoneSimulator.Build.0 = Debug|Any CPU
		{F97095F3-C206-45C0-B1D5-1412EA729C62}.Debug|iPhoneSimulator.Deploy.0 = Debug|Any CPU
		{F97095F3-C206-45C0-B1D5-1412EA729C62}.Release|Any CPU.ActiveCfg = Release|Any CPU
		{F97095F3-C206-45C0-B1D5-1412EA729C62}.Release|Any CPU.Build.0 = Release|Any CPU
		{F97095F3-C206-45C0-B1D5-1412EA729C62}.Release|Any CPU.Deploy.0 = Release|Any CPU
		{F97095F3-C206-45C0-B1D5-1412EA729C62}.Release|iPhone.ActiveCfg = Release|Any CPU
		{F97095F3-C206-45C0-B1D5-1412EA729C62}.Release|iPhone.Build.0 = Release|Any CPU
		{F97095F3-C206-45C0-B1D5-1412EA729C62}.Release|iPhone.Deploy.0 = Release|Any CPU
		{F97095F3-C206-45C0-B1D5-1412EA729C62}.Release|iPhoneSimulator.ActiveCfg = Release|Any CPU
		{F97095F3-C206-45C0-B1D5-1412EA729C62}.Release|iPhoneSimulator.Build.0 = Release|Any CPU
		{F97095F3-C206-45C0-B1D5-1412EA729C62}.Release|iPhoneSimulator.Deploy.0 = Release|Any CPU
		{02C811F3-207B-44D3-9A51-ED9D27EBE503}.Debug|Any CPU.ActiveCfg = Debug|iPhone
		{02C811F3-207B-44D3-9A51-ED9D27EBE503}.Debug|Any CPU.Build.0 = Debug|iPhone
		{02C811F3-207B-44D3-9A51-ED9D27EBE503}.Debug|Any CPU.Deploy.0 = Debug|iPhone
		{02C811F3-207B-44D3-9A51-ED9D27EBE503}.Debug|iPhone.ActiveCfg = Debug|iPhone
		{02C811F3-207B-44D3-9A51-ED9D27EBE503}.Debug|iPhone.Build.0 = Debug|iPhone
		{02C811F3-207B-44D3-9A51-ED9D27EBE503}.Debug|iPhone.Deploy.0 = Debug|iPhone
		{02C811F3-207B-44D3-9A51-ED9D27EBE503}.Debug|iPhoneSimulator.ActiveCfg = Debug|iPhoneSimulator
		{02C811F3-207B-44D3-9A51-ED9D27EBE503}.Debug|iPhoneSimulator.Build.0 = Debug|iPhoneSimulator
		{02C811F3-207B-44D3-9A51-ED9D27EBE503}.Debug|iPhoneSimulator.Deploy.0 = Debug|iPhoneSimulator
		{02C811F3-207B-44D3-9A51-ED9D27EBE503}.Release|Any CPU.ActiveCfg = Release|iPhoneSimulator
		{02C811F3-207B-44D3-9A51-ED9D27EBE503}.Release|Any CPU.Build.0 = Release|iPhoneSimulator
		{02C811F3-207B-44D3-9A51-ED9D27EBE503}.Release|Any CPU.Deploy.0 = Release|iPhoneSimulator
		{02C811F3-207B-44D3-9A51-ED9D27EBE503}.Release|iPhone.ActiveCfg = Release|iPhone
		{02C811F3-207B-44D3-9A51-ED9D27EBE503}.Release|iPhone.Build.0 = Release|iPhone
		{02C811F3-207B-44D3-9A51-ED9D27EBE503}.Release|iPhone.Deploy.0 = Release|iPhone
		{02C811F3-207B-44D3-9A51-ED9D27EBE503}.Release|iPhoneSimulator.ActiveCfg = Release|iPhoneSimulator
		{02C811F3-207B-44D3-9A51-ED9D27EBE503}.Release|iPhoneSimulator.Build.0 = Release|iPhoneSimulator
		{02C811F3-207B-44D3-9A51-ED9D27EBE503}.Release|iPhoneSimulator.Deploy.0 = Release|iPhoneSimulator
		{01BB1A99-30D5-48C5-8410-0FA59A5736E8}.Debug|Any CPU.ActiveCfg = Debug|Any CPU
		{01BB1A99-30D5-48C5-8410-0FA59A5736E8}.Debug|Any CPU.Build.0 = Debug|Any CPU
		{01BB1A99-30D5-48C5-8410-0FA59A5736E8}.Debug|Any CPU.Deploy.0 = Debug|Any CPU
		{01BB1A99-30D5-48C5-8410-0FA59A5736E8}.Debug|iPhone.ActiveCfg = Debug|Any CPU
		{01BB1A99-30D5-48C5-8410-0FA59A5736E8}.Debug|iPhone.Build.0 = Debug|Any CPU
		{01BB1A99-30D5-48C5-8410-0FA59A5736E8}.Debug|iPhone.Deploy.0 = Debug|Any CPU
		{01BB1A99-30D5-48C5-8410-0FA59A5736E8}.Debug|iPhoneSimulator.ActiveCfg = Debug|Any CPU
		{01BB1A99-30D5-48C5-8410-0FA59A5736E8}.Debug|iPhoneSimulator.Build.0 = Debug|Any CPU
		{01BB1A99-30D5-48C5-8410-0FA59A5736E8}.Debug|iPhoneSimulator.Deploy.0 = Debug|Any CPU
		{01BB1A99-30D5-48C5-8410-0FA59A5736E8}.Release|Any CPU.ActiveCfg = Release|Any CPU
		{01BB1A99-30D5-48C5-8410-0FA59A5736E8}.Release|Any CPU.Build.0 = Release|Any CPU
		{01BB1A99-30D5-48C5-8410-0FA59A5736E8}.Release|Any CPU.Deploy.0 = Release|Any CPU
		{01BB1A99-30D5-48C5-8410-0FA59A5736E8}.Release|iPhone.ActiveCfg = Release|Any CPU
		{01BB1A99-30D5-48C5-8410-0FA59A5736E8}.Release|iPhone.Build.0 = Release|Any CPU
		{01BB1A99-30D5-48C5-8410-0FA59A5736E8}.Release|iPhone.Deploy.0 = Release|Any CPU
		{01BB1A99-30D5-48C5-8410-0FA59A5736E8}.Release|iPhoneSimulator.ActiveCfg = Release|Any CPU
		{01BB1A99-30D5-48C5-8410-0FA59A5736E8}.Release|iPhoneSimulator.Build.0 = Release|Any CPU
		{01BB1A99-30D5-48C5-8410-0FA59A5736E8}.Release|iPhoneSimulator.Deploy.0 = Release|Any CPU
	EndGlobalSection
	GlobalSection(SolutionProperties) = preSolution
		HideSolutionNode = FALSE
	EndGlobalSection
	GlobalSection(ExtensibilityGlobals) = postSolution
		SolutionGuid = {64DC5B5B-358B-48AE-8F97-ED106CB9B7E3}
	EndGlobalSection
EndGlobal
